
Microsoft Visual Studio Solution File, Format Version 12.00
# Visual Studio Version 17
VisualStudioVersion = 17.5.33502.453
MinimumVisualStudioVersion = 10.0.40219.1
Project("{9A19103F-16F7-4668-BE54-9A1E7A4F7556}") = "BizAppointBot2.0", "BizAppointBot2.0\BizAppointBot2.0.csproj", "{2F944EAD-6400-434A-B487-E3AB99424B87}"
	ProjectSection(ProjectDependencies) = postProject
		{05CF26CF-979A-478B-BA51-1AB9FEE49AAF} = {05CF26CF-979A-478B-BA51-1AB9FEE49AAF}
		{1F4DBE29-B762-4863-854A-1C8AE238AC74} = {1F4DBE29-B762-4863-854A-1C8AE238AC74}
		{ADC4B8C9-AD6F-4B37-B9D0-4CA9C3CE231B} = {ADC4B8C9-AD6F-4B37-B9D0-4CA9C3CE231B}
		{C275B269-9C09-4BDF-8534-39F30B663724} = {C275B269-9C09-4BDF-8534-39F30B663724}
		{EF6AA4F7-6A82-4DA8-B24F-A42BF2001A4C} = {EF6AA4F7-6A82-4DA8-B24F-A42BF2001A4C}
	EndProjectSection
EndProject
Project("{2150E333-8FDC-42A3-9474-1A3956D46DE8}") = "1. Presentation", "1. Presentation", "{ED759A30-26AB-452E-A15E-61D91FB202A5}"
EndProject
Project("{2150E333-8FDC-42A3-9474-1A3956D46DE8}") = "3. DAL", "3. DAL", "{75486E5B-1AE1-40C5-A7D2-C374B0C35A1F}"
EndProject
Project("{2150E333-8FDC-42A3-9474-1A3956D46DE8}") = "2. BLL", "2. BLL", "{C311BFE5-728D-4BBD-9C4A-969F99D79A5C}"
EndProject
Project("{2150E333-8FDC-42A3-9474-1A3956D46DE8}") = "4. Domain", "4. Domain", "{55F63DCE-2D5F-4B0E-9344-6FA98675C2CB}"
EndProject
Project("{9A19103F-16F7-4668-BE54-9A1E7A4F7556}") = "BLL", "BLL\BLL.csproj", "{EF6AA4F7-6A82-4DA8-B24F-A42BF2001A4C}"
EndProject
Project("{9A19103F-16F7-4668-BE54-9A1E7A4F7556}") = "BLL.Startup", "BLL.Startup\BLL.Startup.csproj", "{1F4DBE29-B762-4863-854A-1C8AE238AC74}"
EndProject
Project("{9A19103F-16F7-4668-BE54-9A1E7A4F7556}") = "DAL", "DAL\DAL.csproj", "{C275B269-9C09-4BDF-8534-39F30B663724}"
EndProject
Project("{9A19103F-16F7-4668-BE54-9A1E7A4F7556}") = "DAL.Startup", "DAL.Startup\DAL.Startup.csproj", "{ADC4B8C9-AD6F-4B37-B9D0-4CA9C3CE231B}"
EndProject
Project("{9A19103F-16F7-4668-BE54-9A1E7A4F7556}") = "Common", "Common\Common.csproj", "{05CF26CF-979A-478B-BA51-1AB9FEE49AAF}"
EndProject
Global
	GlobalSection(SolutionConfigurationPlatforms) = preSolution
		Debug|Any CPU = Debug|Any CPU
		Release|Any CPU = Release|Any CPU
	EndGlobalSection
	GlobalSection(ProjectConfigurationPlatforms) = postSolution
		{2F944EAD-6400-434A-B487-E3AB99424B87}.Debug|Any CPU.ActiveCfg = Debug|Any CPU
		{2F944EAD-6400-434A-B487-E3AB99424B87}.Debug|Any CPU.Build.0 = Debug|Any CPU
		{2F944EAD-6400-434A-B487-E3AB99424B87}.Release|Any CPU.ActiveCfg = Release|Any CPU
		{2F944EAD-6400-434A-B487-E3AB99424B87}.Release|Any CPU.Build.0 = Release|Any CPU
		{EF6AA4F7-6A82-4DA8-B24F-A42BF2001A4C}.Debug|Any CPU.ActiveCfg = Debug|Any CPU
		{EF6AA4F7-6A82-4DA8-B24F-A42BF2001A4C}.Debug|Any CPU.Build.0 = Debug|Any CPU
		{EF6AA4F7-6A82-4DA8-B24F-A42BF2001A4C}.Release|Any CPU.ActiveCfg = Release|Any CPU
		{EF6AA4F7-6A82-4DA8-B24F-A42BF2001A4C}.Release|Any CPU.Build.0 = Release|Any CPU
		{1F4DBE29-B762-4863-854A-1C8AE238AC74}.Debug|Any CPU.ActiveCfg = Debug|Any CPU
		{1F4DBE29-B762-4863-854A-1C8AE238AC74}.Debug|Any CPU.Build.0 = Debug|Any CPU
		{1F4DBE29-B762-4863-854A-1C8AE238AC74}.Release|Any CPU.ActiveCfg = Release|Any CPU
		{1F4DBE29-B762-4863-854A-1C8AE238AC74}.Release|Any CPU.Build.0 = Release|Any CPU
		{C275B269-9C09-4BDF-8534-39F30B663724}.Debug|Any CPU.ActiveCfg = Debug|Any CPU
		{C275B269-9C09-4BDF-8534-39F30B663724}.Debug|Any CPU.Build.0 = Debug|Any CPU
		{C275B269-9C09-4BDF-8534-39F30B663724}.Release|Any CPU.ActiveCfg = Release|Any CPU
		{C275B269-9C09-4BDF-8534-39F30B663724}.Release|Any CPU.Build.0 = Release|Any CPU
		{ADC4B8C9-AD6F-4B37-B9D0-4CA9C3CE231B}.Debug|Any CPU.ActiveCfg = Debug|Any CPU
		{ADC4B8C9-AD6F-4B37-B9D0-4CA9C3CE231B}.Debug|Any CPU.Build.0 = Debug|Any CPU
		{ADC4B8C9-AD6F-4B37-B9D0-4CA9C3CE231B}.Release|Any CPU.ActiveCfg = Release|Any CPU
		{ADC4B8C9-AD6F-4B37-B9D0-4CA9C3CE231B}.Release|Any CPU.Build.0 = Release|Any CPU
		{05CF26CF-979A-478B-BA51-1AB9FEE49AAF}.Debug|Any CPU.ActiveCfg = Debug|Any CPU
		{05CF26CF-979A-478B-BA51-1AB9FEE49AAF}.Debug|Any CPU.Build.0 = Debug|Any CPU
		{05CF26CF-979A-478B-BA51-1AB9FEE49AAF}.Release|Any CPU.ActiveCfg = Release|Any CPU
		{05CF26CF-979A-478B-BA51-1AB9FEE49AAF}.Release|Any CPU.Build.0 = Release|Any CPU
	EndGlobalSection
	GlobalSection(SolutionProperties) = preSolution
		HideSolutionNode = FALSE
	EndGlobalSection
	GlobalSection(NestedProjects) = preSolution
		{2F944EAD-6400-434A-B487-E3AB99424B87} = {ED759A30-26AB-452E-A15E-61D91FB202A5}
		{EF6AA4F7-6A82-4DA8-B24F-A42BF2001A4C} = {C311BFE5-728D-4BBD-9C4A-969F99D79A5C}
		{1F4DBE29-B762-4863-854A-1C8AE238AC74} = {C311BFE5-728D-4BBD-9C4A-969F99D79A5C}
		{C275B269-9C09-4BDF-8534-39F30B663724} = {75486E5B-1AE1-40C5-A7D2-C374B0C35A1F}
		{ADC4B8C9-AD6F-4B37-B9D0-4CA9C3CE231B} = {75486E5B-1AE1-40C5-A7D2-C374B0C35A1F}
		{05CF26CF-979A-478B-BA51-1AB9FEE49AAF} = {55F63DCE-2D5F-4B0E-9344-6FA98675C2CB}
	EndGlobalSection
	GlobalSection(ExtensibilityGlobals) = postSolution
		SolutionGuid = {1021D2AA-4827-46DA-8B29-5DB6A4D37055}
	EndGlobalSection
EndGlobal
